
Microsoft Visual Studio Solution File, Format Version 12.00
# Visual Studio Version 16
VisualStudioVersion = 16.0.32510.428
MinimumVisualStudioVersion = 10.0.40219.1
Project("{FAE04EC0-301F-11D3-BF4B-00C04F79EFBC}") = "ObtenerDatosEquipo4.7.2v", "ObtenerDatosEquipo4.7.2v\ObtenerDatosEquipo4.7.2v.csproj", "{A3CEB16F-7F75-480A-826D-4DEA4300F65C}"
EndProject
Global
	GlobalSection(SolutionConfigurationPlatforms) = preSolution
		Debug|Any CPU = Debug|Any CPU
		Release|Any CPU = Release|Any CPU
	EndGlobalSection
	GlobalSection(ProjectConfigurationPlatforms) = postSolution
		{A3CEB16F-7F75-480A-826D-4DEA4300F65C}.Debug|Any CPU.ActiveCfg = Debug|Any CPU
		{A3CEB16F-7F75-480A-826D-4DEA4300F65C}.Debug|Any CPU.Build.0 = Debug|Any CPU
		{A3CEB16F-7F75-480A-826D-4DEA4300F65C}.Release|Any CPU.ActiveCfg = Release|Any CPU
		{A3CEB16F-7F75-480A-826D-4DEA4300F65C}.Release|Any CPU.Build.0 = Release|Any CPU
	EndGlobalSection
	GlobalSection(SolutionProperties) = preSolution
		HideSolutionNode = FALSE
	EndGlobalSection
	GlobalSection(ExtensibilityGlobals) = postSolution
		SolutionGuid = {870F7B49-65A1-4903-AC11-C4001089DF8B}
	EndGlobalSection
EndGlobal
